
Microsoft Visual Studio Solution File, Format Version 12.00
# Visual Studio 14
VisualStudioVersion = 14.0.25420.1
MinimumVisualStudioVersion = 10.0.40219.1
Project("{FAE04EC0-301F-11D3-BF4B-00C04F79EFBC}") = "MTFS.Web.Angular", "WebUI\MTFS.Web.Angular.csproj", "{B26E0951-E97D-4952-8B1D-9AF296722429}"
EndProject
Project("{FAE04EC0-301F-11D3-BF4B-00C04F79EFBC}") = "MTFS.DAL", "DAL\MTFS.DAL.csproj", "{C448004A-6C62-47A3-BFBD-74239E00FF0E}"
EndProject
Project("{FAE04EC0-301F-11D3-BF4B-00C04F79EFBC}") = "MTFS.Business.Services", "ServiceLayer\MTFS.Business.Services.csproj", "{C5E5B87C-B736-4CB5-8673-39AD35A2F3CF}"
EndProject
Project("{FAE04EC0-301F-11D3-BF4B-00C04F79EFBC}") = "MTFS.Business.Bootstrapper", "IOC\MTFS.Business.Bootstrapper.csproj", "{FE66C8B7-1C16-4F0C-9D8D-2AB3CCB43782}"
EndProject
Project("{FAE04EC0-301F-11D3-BF4B-00C04F79EFBC}") = "MTFS.Business.Dtos", "ViewModel\MTFS.Business.Dtos.csproj", "{83F2DBD6-4BC2-4C79-8676-9B0048EE1B19}"
EndProject
Project("{FAE04EC0-301F-11D3-BF4B-00C04F79EFBC}") = "MTFS.Utilities", "Utilities\MTFS.Utilities.csproj", "{9AD1924A-99A8-4C60-935B-6434EC37F769}"
EndProject
Project("{2150E333-8FDC-42A3-9474-1A3956D46DE8}") = "Business", "Business", "{78DA12F6-6E43-4F8A-B781-8C64787669D8}"
EndProject
Project("{2150E333-8FDC-42A3-9474-1A3956D46DE8}") = "Common", "Common", "{CB37A93B-2628-4719-8118-9F095B9ACE77}"
EndProject
Project("{2150E333-8FDC-42A3-9474-1A3956D46DE8}") = "DataAccess", "DataAccess", "{47EB1C81-703B-45B6-A34E-6AAEF163C659}"
EndProject
Project("{2150E333-8FDC-42A3-9474-1A3956D46DE8}") = "UI", "UI", "{26E25F60-EC6A-4523-82C0-3CA3C41A5127}"
EndProject
Project("{FAE04EC0-301F-11D3-BF4B-00C04F79EFBC}") = "MTFS.Business.Domain", "Domain\MTFS.Business.Domain.csproj", "{3752AE5B-5B81-45F0-B628-E6815FEBC0D4}"
EndProject
Project("{2150E333-8FDC-42A3-9474-1A3956D46DE8}") = "Host", "Host", "{048550CC-942A-4DC6-8560-3EB7C7FD8795}"
EndProject
Project("{FAE04EC0-301F-11D3-BF4B-00C04F79EFBC}") = "MTFS.Host.MVC", "MTFS.Host.MVC\MTFS.Host.MVC.csproj", "{03006868-A9FB-4E2B-925F-75649B7FD747}"
EndProject
Project("{8BB2217D-0F2D-49D1-97BC-3654ED321F3B}") = "MTFS.Host.dotNetCore", "MTFS.Host.dotNetCore\MTFS.Host.dotNetCore.xproj", "{E3ECA849-9036-4E69-8D46-6A74E19CBCBA}"
EndProject
Project("{2150E333-8FDC-42A3-9474-1A3956D46DE8}") = "Test", "Test", "{7FCE0CB3-8D85-4486-BF90-A5CC055594EC}"
EndProject
Global
	GlobalSection(SolutionConfigurationPlatforms) = preSolution
		Debug|Any CPU = Debug|Any CPU
		Release|Any CPU = Release|Any CPU
	EndGlobalSection
	GlobalSection(ProjectConfigurationPlatforms) = postSolution
		{B26E0951-E97D-4952-8B1D-9AF296722429}.Debug|Any CPU.ActiveCfg = Debug|Any CPU
		{B26E0951-E97D-4952-8B1D-9AF296722429}.Debug|Any CPU.Build.0 = Debug|Any CPU
		{B26E0951-E97D-4952-8B1D-9AF296722429}.Release|Any CPU.ActiveCfg = Release|Any CPU
		{B26E0951-E97D-4952-8B1D-9AF296722429}.Release|Any CPU.Build.0 = Release|Any CPU
		{C448004A-6C62-47A3-BFBD-74239E00FF0E}.Debug|Any CPU.ActiveCfg = Debug|Any CPU
		{C448004A-6C62-47A3-BFBD-74239E00FF0E}.Debug|Any CPU.Build.0 = Debug|Any CPU
		{C448004A-6C62-47A3-BFBD-74239E00FF0E}.Release|Any CPU.ActiveCfg = Release|Any CPU
		{C448004A-6C62-47A3-BFBD-74239E00FF0E}.Release|Any CPU.Build.0 = Release|Any CPU
		{C5E5B87C-B736-4CB5-8673-39AD35A2F3CF}.Debug|Any CPU.ActiveCfg = Debug|Any CPU
		{C5E5B87C-B736-4CB5-8673-39AD35A2F3CF}.Debug|Any CPU.Build.0 = Debug|Any CPU
		{C5E5B87C-B736-4CB5-8673-39AD35A2F3CF}.Release|Any CPU.ActiveCfg = Release|Any CPU
		{C5E5B87C-B736-4CB5-8673-39AD35A2F3CF}.Release|Any CPU.Build.0 = Release|Any CPU
		{FE66C8B7-1C16-4F0C-9D8D-2AB3CCB43782}.Debug|Any CPU.ActiveCfg = Debug|Any CPU
		{FE66C8B7-1C16-4F0C-9D8D-2AB3CCB43782}.Debug|Any CPU.Build.0 = Debug|Any CPU
		{FE66C8B7-1C16-4F0C-9D8D-2AB3CCB43782}.Release|Any CPU.ActiveCfg = Release|Any CPU
		{FE66C8B7-1C16-4F0C-9D8D-2AB3CCB43782}.Release|Any CPU.Build.0 = Release|Any CPU
		{83F2DBD6-4BC2-4C79-8676-9B0048EE1B19}.Debug|Any CPU.ActiveCfg = Debug|Any CPU
		{83F2DBD6-4BC2-4C79-8676-9B0048EE1B19}.Debug|Any CPU.Build.0 = Debug|Any CPU
		{83F2DBD6-4BC2-4C79-8676-9B0048EE1B19}.Release|Any CPU.ActiveCfg = Release|Any CPU
		{83F2DBD6-4BC2-4C79-8676-9B0048EE1B19}.Release|Any CPU.Build.0 = Release|Any CPU
		{9AD1924A-99A8-4C60-935B-6434EC37F769}.Debug|Any CPU.ActiveCfg = Debug|Any CPU
		{9AD1924A-99A8-4C60-935B-6434EC37F769}.Debug|Any CPU.Build.0 = Debug|Any CPU
		{9AD1924A-99A8-4C60-935B-6434EC37F769}.Release|Any CPU.ActiveCfg = Release|Any CPU
		{9AD1924A-99A8-4C60-935B-6434EC37F769}.Release|Any CPU.Build.0 = Release|Any CPU
		{3752AE5B-5B81-45F0-B628-E6815FEBC0D4}.Debug|Any CPU.ActiveCfg = Debug|Any CPU
		{3752AE5B-5B81-45F0-B628-E6815FEBC0D4}.Debug|Any CPU.Build.0 = Debug|Any CPU
		{3752AE5B-5B81-45F0-B628-E6815FEBC0D4}.Release|Any CPU.ActiveCfg = Release|Any CPU
		{3752AE5B-5B81-45F0-B628-E6815FEBC0D4}.Release|Any CPU.Build.0 = Release|Any CPU
		{03006868-A9FB-4E2B-925F-75649B7FD747}.Debug|Any CPU.ActiveCfg = Debug|Any CPU
		{03006868-A9FB-4E2B-925F-75649B7FD747}.Debug|Any CPU.Build.0 = Debug|Any CPU
		{03006868-A9FB-4E2B-925F-75649B7FD747}.Release|Any CPU.ActiveCfg = Release|Any CPU
		{03006868-A9FB-4E2B-925F-75649B7FD747}.Release|Any CPU.Build.0 = Release|Any CPU
		{E3ECA849-9036-4E69-8D46-6A74E19CBCBA}.Debug|Any CPU.ActiveCfg = Debug|Any CPU
		{E3ECA849-9036-4E69-8D46-6A74E19CBCBA}.Debug|Any CPU.Build.0 = Debug|Any CPU
		{E3ECA849-9036-4E69-8D46-6A74E19CBCBA}.Release|Any CPU.ActiveCfg = Release|Any CPU
		{E3ECA849-9036-4E69-8D46-6A74E19CBCBA}.Release|Any CPU.Build.0 = Release|Any CPU
	EndGlobalSection
	GlobalSection(SolutionProperties) = preSolution
		HideSolutionNode = FALSE
	EndGlobalSection
	GlobalSection(NestedProjects) = preSolution
		{B26E0951-E97D-4952-8B1D-9AF296722429} = {26E25F60-EC6A-4523-82C0-3CA3C41A5127}
		{C448004A-6C62-47A3-BFBD-74239E00FF0E} = {47EB1C81-703B-45B6-A34E-6AAEF163C659}
		{C5E5B87C-B736-4CB5-8673-39AD35A2F3CF} = {78DA12F6-6E43-4F8A-B781-8C64787669D8}
		{FE66C8B7-1C16-4F0C-9D8D-2AB3CCB43782} = {78DA12F6-6E43-4F8A-B781-8C64787669D8}
		{83F2DBD6-4BC2-4C79-8676-9B0048EE1B19} = {78DA12F6-6E43-4F8A-B781-8C64787669D8}
		{9AD1924A-99A8-4C60-935B-6434EC37F769} = {CB37A93B-2628-4719-8118-9F095B9ACE77}
		{3752AE5B-5B81-45F0-B628-E6815FEBC0D4} = {78DA12F6-6E43-4F8A-B781-8C64787669D8}
		{03006868-A9FB-4E2B-925F-75649B7FD747} = {048550CC-942A-4DC6-8560-3EB7C7FD8795}
		{E3ECA849-9036-4E69-8D46-6A74E19CBCBA} = {048550CC-942A-4DC6-8560-3EB7C7FD8795}
	EndGlobalSection
EndGlobal
